// !$*UTF8*$!
{
	archiveVersion = 1;
	classes = {
	};
	objectVersion = 48;
	objects = {

/* Begin PBXBuildFile section */
		5D5DAD491F925E49009A8A1F /* AppDelegate.swift in Sources */ = {isa = PBXBuildFile; fileRef = 5D5DAD481F925E49009A8A1F /* AppDelegate.swift */; };
		5D5DAD4E1F925E49009A8A1F /* Main.storyboard in Resources */ = {isa = PBXBuildFile; fileRef = 5D5DAD4C1F925E49009A8A1F /* Main.storyboard */; };
		5D5DAD531F925E49009A8A1F /* LaunchScreen.storyboard in Resources */ = {isa = PBXBuildFile; fileRef = 5D5DAD511F925E49009A8A1F /* LaunchScreen.storyboard */; };
		5D5DAD5E1F925E49009A8A1F /* MultiwordsTests.swift in Sources */ = {isa = PBXBuildFile; fileRef = 5D5DAD5D1F925E49009A8A1F /* MultiwordsTests.swift */; };
		5D5DAD691F925E49009A8A1F /* MultiwordsUITests.swift in Sources */ = {isa = PBXBuildFile; fileRef = 5D5DAD681F925E49009A8A1F /* MultiwordsUITests.swift */; };
		5D5DAD781F9263BE009A8A1F /* Cards.storyboard in Resources */ = {isa = PBXBuildFile; fileRef = 5D5DAD761F9263BE009A8A1F /* Cards.storyboard */; };
		5D5DAD7A1F9263E5009A8A1F /* Dictonary.storyboard in Resources */ = {isa = PBXBuildFile; fileRef = 5D5DAD791F9263E5009A8A1F /* Dictonary.storyboard */; };
		5D5DAD7F1F926436009A8A1F /* Profile.storyboard in Resources */ = {isa = PBXBuildFile; fileRef = 5D5DAD7E1F926436009A8A1F /* Profile.storyboard */; };
		5D5DAD821F926451009A8A1F /* Settings.storyboard in Resources */ = {isa = PBXBuildFile; fileRef = 5D5DAD801F926451009A8A1F /* Settings.storyboard */; };
		5DBEAA331F94F19F001A943C /* TabBarViewController.swift in Sources */ = {isa = PBXBuildFile; fileRef = 5DBEAA321F94F19F001A943C /* TabBarViewController.swift */; };
		5DE513B91F9E2926008AD299 /* DictonaryTableViewController.swift in Sources */ = {isa = PBXBuildFile; fileRef = 5DE513B81F9E2926008AD299 /* DictonaryTableViewController.swift */; };
		5DE513BB1F9E2996008AD299 /* WordsTableViewCell.swift in Sources */ = {isa = PBXBuildFile; fileRef = 5DE513BA1F9E2996008AD299 /* WordsTableViewCell.swift */; };
		5DE513C11F9E2C00008AD299 /* Words.swift in Sources */ = {isa = PBXBuildFile; fileRef = 5DE513C01F9E2C00008AD299 /* Words.swift */; };
		5DE513C51F9E2EEA008AD299 /* DetailWordTableViewController.swift in Sources */ = {isa = PBXBuildFile; fileRef = 5DE513C41F9E2EEA008AD299 /* DetailWordTableViewController.swift */; };
		5DE513C71F9E2F7B008AD299 /* DetailWordTableViewCell.swift in Sources */ = {isa = PBXBuildFile; fileRef = 5DE513C61F9E2F7B008AD299 /* DetailWordTableViewCell.swift */; };
		B82C0546BD28E605C33C56E9 /* Pods_Multiwords.framework in Frameworks */ = {isa = PBXBuildFile; fileRef = FD77B9FC3648568D38C0DB79 /* Pods_Multiwords.framework */; };
/* End PBXBuildFile section */

/* Begin PBXContainerItemProxy section */
		5D5DAD5A1F925E49009A8A1F /* PBXContainerItemProxy */ = {
			isa = PBXContainerItemProxy;
			containerPortal = 5D5DAD3D1F925E48009A8A1F /* Project object */;
			proxyType = 1;
			remoteGlobalIDString = 5D5DAD441F925E48009A8A1F;
			remoteInfo = Multiwords;
		};
		5D5DAD651F925E49009A8A1F /* PBXContainerItemProxy */ = {
			isa = PBXContainerItemProxy;
			containerPortal = 5D5DAD3D1F925E48009A8A1F /* Project object */;
			proxyType = 1;
			remoteGlobalIDString = 5D5DAD441F925E48009A8A1F;
			remoteInfo = Multiwords;
		};
/* End PBXContainerItemProxy section */

/* Begin PBXFileReference section */
		14198BF57E44D7E3445922AE /* Pods-Multiwords.debug.xcconfig */ = {isa = PBXFileReference; includeInIndex = 1; lastKnownFileType = text.xcconfig; name = "Pods-Multiwords.debug.xcconfig"; path = "Pods/Target Support Files/Pods-Multiwords/Pods-Multiwords.debug.xcconfig"; sourceTree = "<group>"; };
		54468944BD574F207B7353B0 /* Pods-Multiwords.release.xcconfig */ = {isa = PBXFileReference; includeInIndex = 1; lastKnownFileType = text.xcconfig; name = "Pods-Multiwords.release.xcconfig"; path = "Pods/Target Support Files/Pods-Multiwords/Pods-Multiwords.release.xcconfig"; sourceTree = "<group>"; };
		5D5DAD451F925E48009A8A1F /* Multiwords.app */ = {isa = PBXFileReference; explicitFileType = wrapper.application; includeInIndex = 0; path = Multiwords.app; sourceTree = BUILT_PRODUCTS_DIR; };
		5D5DAD481F925E49009A8A1F /* AppDelegate.swift */ = {isa = PBXFileReference; lastKnownFileType = sourcecode.swift; path = AppDelegate.swift; sourceTree = "<group>"; };
		5D5DAD4D1F925E49009A8A1F /* Base */ = {isa = PBXFileReference; lastKnownFileType = file.storyboard; name = Base; path = Base.lproj/Main.storyboard; sourceTree = "<group>"; };
		5D5DAD521F925E49009A8A1F /* Base */ = {isa = PBXFileReference; lastKnownFileType = file.storyboard; name = Base; path = Base.lproj/LaunchScreen.storyboard; sourceTree = "<group>"; };
		5D5DAD541F925E49009A8A1F /* Info.plist */ = {isa = PBXFileReference; lastKnownFileType = text.plist.xml; path = Info.plist; sourceTree = "<group>"; };
		5D5DAD591F925E49009A8A1F /* MultiwordsTests.xctest */ = {isa = PBXFileReference; explicitFileType = wrapper.cfbundle; includeInIndex = 0; path = MultiwordsTests.xctest; sourceTree = BUILT_PRODUCTS_DIR; };
		5D5DAD5D1F925E49009A8A1F /* MultiwordsTests.swift */ = {isa = PBXFileReference; lastKnownFileType = sourcecode.swift; path = MultiwordsTests.swift; sourceTree = "<group>"; };
		5D5DAD5F1F925E49009A8A1F /* Info.plist */ = {isa = PBXFileReference; lastKnownFileType = text.plist.xml; path = Info.plist; sourceTree = "<group>"; };
		5D5DAD641F925E49009A8A1F /* MultiwordsUITests.xctest */ = {isa = PBXFileReference; explicitFileType = wrapper.cfbundle; includeInIndex = 0; path = MultiwordsUITests.xctest; sourceTree = BUILT_PRODUCTS_DIR; };
		5D5DAD681F925E49009A8A1F /* MultiwordsUITests.swift */ = {isa = PBXFileReference; lastKnownFileType = sourcecode.swift; path = MultiwordsUITests.swift; sourceTree = "<group>"; };
		5D5DAD6A1F925E49009A8A1F /* Info.plist */ = {isa = PBXFileReference; lastKnownFileType = text.plist.xml; path = Info.plist; sourceTree = "<group>"; };
		5D5DAD771F9263BE009A8A1F /* Base */ = {isa = PBXFileReference; lastKnownFileType = file.storyboard; name = Base; path = Multiwords/Base.lproj/Cards.storyboard; sourceTree = "<group>"; };
		5D5DAD791F9263E5009A8A1F /* Dictonary.storyboard */ = {isa = PBXFileReference; fileEncoding = 4; lastKnownFileType = file.storyboard; path = Dictonary.storyboard; sourceTree = "<group>"; };
		5D5DAD7E1F926436009A8A1F /* Profile.storyboard */ = {isa = PBXFileReference; fileEncoding = 4; lastKnownFileType = file.storyboard; path = Profile.storyboard; sourceTree = "<group>"; };
		5D5DAD811F926451009A8A1F /* Base */ = {isa = PBXFileReference; lastKnownFileType = file.storyboard; name = Base; path = Multiwords/Base.lproj/Settings.storyboard; sourceTree = "<group>"; };
		5DBEAA321F94F19F001A943C /* TabBarViewController.swift */ = {isa = PBXFileReference; lastKnownFileType = sourcecode.swift; path = TabBarViewController.swift; sourceTree = "<group>"; };
		5DE513B81F9E2926008AD299 /* DictonaryTableViewController.swift */ = {isa = PBXFileReference; lastKnownFileType = sourcecode.swift; path = DictonaryTableViewController.swift; sourceTree = "<group>"; };
		5DE513BA1F9E2996008AD299 /* WordsTableViewCell.swift */ = {isa = PBXFileReference; lastKnownFileType = sourcecode.swift; path = WordsTableViewCell.swift; sourceTree = "<group>"; };
		5DE513C01F9E2C00008AD299 /* Words.swift */ = {isa = PBXFileReference; lastKnownFileType = sourcecode.swift; path = Words.swift; sourceTree = "<group>"; };
		5DE513C41F9E2EEA008AD299 /* DetailWordTableViewController.swift */ = {isa = PBXFileReference; lastKnownFileType = sourcecode.swift; path = DetailWordTableViewController.swift; sourceTree = "<group>"; };
		5DE513C61F9E2F7B008AD299 /* DetailWordTableViewCell.swift */ = {isa = PBXFileReference; lastKnownFileType = sourcecode.swift; path = DetailWordTableViewCell.swift; sourceTree = "<group>"; };
		FD77B9FC3648568D38C0DB79 /* Pods_Multiwords.framework */ = {isa = PBXFileReference; explicitFileType = wrapper.framework; includeInIndex = 0; path = Pods_Multiwords.framework; sourceTree = BUILT_PRODUCTS_DIR; };
/* End PBXFileReference section */

/* Begin PBXFrameworksBuildPhase section */
		5D5DAD421F925E48009A8A1F /* Frameworks */ = {
			isa = PBXFrameworksBuildPhase;
			buildActionMask = 2147483647;
			files = (
				B82C0546BD28E605C33C56E9 /* Pods_Multiwords.framework in Frameworks */,
			);
			runOnlyForDeploymentPostprocessing = 0;
		};
		5D5DAD561F925E49009A8A1F /* Frameworks */ = {
			isa = PBXFrameworksBuildPhase;
			buildActionMask = 2147483647;
			files = (
			);
			runOnlyForDeploymentPostprocessing = 0;
		};
		5D5DAD611F925E49009A8A1F /* Frameworks */ = {
			isa = PBXFrameworksBuildPhase;
			buildActionMask = 2147483647;
			files = (
			);
			runOnlyForDeploymentPostprocessing = 0;
		};
/* End PBXFrameworksBuildPhase section */

/* Begin PBXGroup section */
		016AAA0E0BD475E2C5724969 /* Pods */ = {
			isa = PBXGroup;
			children = (
				14198BF57E44D7E3445922AE /* Pods-Multiwords.debug.xcconfig */,
				54468944BD574F207B7353B0 /* Pods-Multiwords.release.xcconfig */,
			);
			name = Pods;
			sourceTree = "<group>";
		};
		5D5DAD3C1F925E48009A8A1F = {
			isa = PBXGroup;
			children = (
				5D5DAD471F925E48009A8A1F /* Multiwords */,
				5D5DAD5C1F925E49009A8A1F /* MultiwordsTests */,
				5D5DAD671F925E49009A8A1F /* MultiwordsUITests */,
				5D5DAD461F925E48009A8A1F /* Products */,
				016AAA0E0BD475E2C5724969 /* Pods */,
				98A595ABBCC307ED96CFB3BB /* Frameworks */,
			);
			sourceTree = "<group>";
		};
		5D5DAD461F925E48009A8A1F /* Products */ = {
			isa = PBXGroup;
			children = (
				5D5DAD451F925E48009A8A1F /* Multiwords.app */,
				5D5DAD591F925E49009A8A1F /* MultiwordsTests.xctest */,
				5D5DAD641F925E49009A8A1F /* MultiwordsUITests.xctest */,
			);
			name = Products;
			sourceTree = "<group>";
		};
		5D5DAD471F925E48009A8A1F /* Multiwords */ = {
			isa = PBXGroup;
			children = (
				5D5DAD481F925E49009A8A1F /* AppDelegate.swift */,
				5DE513BD1F9E2B64008AD299 /* Model */,
				5DE513BE1F9E2B70008AD299 /* View */,
				5DE513BF1F9E2B7D008AD299 /* Controller */,
				5D5DAD761F9263BE009A8A1F /* Cards.storyboard */,
				5D5DAD7E1F926436009A8A1F /* Profile.storyboard */,
				5D5DAD801F926451009A8A1F /* Settings.storyboard */,
				5D5DAD541F925E49009A8A1F /* Info.plist */,
			);
			path = Multiwords;
			sourceTree = "<group>";
		};
		5D5DAD5C1F925E49009A8A1F /* MultiwordsTests */ = {
			isa = PBXGroup;
			children = (
				5D5DAD5D1F925E49009A8A1F /* MultiwordsTests.swift */,
				5D5DAD5F1F925E49009A8A1F /* Info.plist */,
			);
			path = MultiwordsTests;
			sourceTree = "<group>";
		};
		5D5DAD671F925E49009A8A1F /* MultiwordsUITests */ = {
			isa = PBXGroup;
			children = (
				5D5DAD681F925E49009A8A1F /* MultiwordsUITests.swift */,
				5D5DAD6A1F925E49009A8A1F /* Info.plist */,
			);
			path = MultiwordsUITests;
			sourceTree = "<group>";
		};
		5DBEAA341F94F1A6001A943C /* Main */ = {
			isa = PBXGroup;
			children = (
				5DBEAA321F94F19F001A943C /* TabBarViewController.swift */,
				5D5DAD4C1F925E49009A8A1F /* Main.storyboard */,
				5D5DAD511F925E49009A8A1F /* LaunchScreen.storyboard */,
			);
			path = Main;
			sourceTree = "<group>";
		};
		5DE513BC1F9E299E008AD299 /* Dictionary */ = {
			isa = PBXGroup;
			children = (
				5D5DAD791F9263E5009A8A1F /* Dictonary.storyboard */,
				5DE513C61F9E2F7B008AD299 /* DetailWordTableViewCell.swift */,
				5DE513BA1F9E2996008AD299 /* WordsTableViewCell.swift */,
				5DE513B81F9E2926008AD299 /* DictonaryTableViewController.swift */,
				5DE513C41F9E2EEA008AD299 /* DetailWordTableViewController.swift */,
			);
			path = Dictionary;
			sourceTree = "<group>";
		};
		5DE513BD1F9E2B64008AD299 /* Model */ = {
			isa = PBXGroup;
			children = (
				5DE513C01F9E2C00008AD299 /* Words.swift */,
			);
			path = Model;
			sourceTree = "<group>";
		};
		5DE513BE1F9E2B70008AD299 /* View */ = {
			isa = PBXGroup;
			children = (
			);
			path = View;
			sourceTree = "<group>";
		};
		5DE513BF1F9E2B7D008AD299 /* Controller */ = {
			isa = PBXGroup;
			children = (
				5DBEAA341F94F1A6001A943C /* Main */,
				5DE513BC1F9E299E008AD299 /* Dictionary */,
			);
			path = Controller;
			sourceTree = "<group>";
		};
		98A595ABBCC307ED96CFB3BB /* Frameworks */ = {
			isa = PBXGroup;
			children = (
				FD77B9FC3648568D38C0DB79 /* Pods_Multiwords.framework */,
			);
			name = Frameworks;
			sourceTree = "<group>";
		};
/* End PBXGroup section */

/* Begin PBXNativeTarget section */
		5D5DAD441F925E48009A8A1F /* Multiwords */ = {
			isa = PBXNativeTarget;
			buildConfigurationList = 5D5DAD6D1F925E49009A8A1F /* Build configuration list for PBXNativeTarget "Multiwords" */;
			buildPhases = (
				5414A74B3E53857201251ACC /* [CP] Check Pods Manifest.lock */,
				5D5DAD411F925E48009A8A1F /* Sources */,
				5D5DAD421F925E48009A8A1F /* Frameworks */,
				5D5DAD431F925E48009A8A1F /* Resources */,
				B85A018B6DCA6E894CAAC459 /* [CP] Embed Pods Frameworks */,
				DE30247D3D0332E06C8E4D8C /* [CP] Copy Pods Resources */,
			);
			buildRules = (
			);
			dependencies = (
			);
			name = Multiwords;
			productName = Multiwords;
			productReference = 5D5DAD451F925E48009A8A1F /* Multiwords.app */;
			productType = "com.apple.product-type.application";
		};
		5D5DAD581F925E49009A8A1F /* MultiwordsTests */ = {
			isa = PBXNativeTarget;
			buildConfigurationList = 5D5DAD701F925E49009A8A1F /* Build configuration list for PBXNativeTarget "MultiwordsTests" */;
			buildPhases = (
				5D5DAD551F925E49009A8A1F /* Sources */,
				5D5DAD561F925E49009A8A1F /* Frameworks */,
				5D5DAD571F925E49009A8A1F /* Resources */,
			);
			buildRules = (
			);
			dependencies = (
				5D5DAD5B1F925E49009A8A1F /* PBXTargetDependency */,
			);
			name = MultiwordsTests;
			productName = MultiwordsTests;
			productReference = 5D5DAD591F925E49009A8A1F /* MultiwordsTests.xctest */;
			productType = "com.apple.product-type.bundle.unit-test";
		};
		5D5DAD631F925E49009A8A1F /* MultiwordsUITests */ = {
			isa = PBXNativeTarget;
			buildConfigurationList = 5D5DAD731F925E49009A8A1F /* Build configuration list for PBXNativeTarget "MultiwordsUITests" */;
			buildPhases = (
				5D5DAD601F925E49009A8A1F /* Sources */,
				5D5DAD611F925E49009A8A1F /* Frameworks */,
				5D5DAD621F925E49009A8A1F /* Resources */,
			);
			buildRules = (
			);
			dependencies = (
				5D5DAD661F925E49009A8A1F /* PBXTargetDependency */,
			);
			name = MultiwordsUITests;
			productName = MultiwordsUITests;
			productReference = 5D5DAD641F925E49009A8A1F /* MultiwordsUITests.xctest */;
			productType = "com.apple.product-type.bundle.ui-testing";
		};
/* End PBXNativeTarget section */

/* Begin PBXProject section */
		5D5DAD3D1F925E48009A8A1F /* Project object */ = {
			isa = PBXProject;
			attributes = {
				LastSwiftUpdateCheck = 0900;
				LastUpgradeCheck = 0900;
				ORGANIZATIONNAME = "Алина Князева";
				TargetAttributes = {
					5D5DAD441F925E48009A8A1F = {
						CreatedOnToolsVersion = 9.0;
						ProvisioningStyle = Automatic;
					};
					5D5DAD581F925E49009A8A1F = {
						CreatedOnToolsVersion = 9.0;
						ProvisioningStyle = Automatic;
						TestTargetID = 5D5DAD441F925E48009A8A1F;
					};
					5D5DAD631F925E49009A8A1F = {
						CreatedOnToolsVersion = 9.0;
						ProvisioningStyle = Automatic;
						TestTargetID = 5D5DAD441F925E48009A8A1F;
					};
				};
			};
			buildConfigurationList = 5D5DAD401F925E48009A8A1F /* Build configuration list for PBXProject "Multiwords" */;
			compatibilityVersion = "Xcode 8.0";
			developmentRegion = en;
			hasScannedForEncodings = 0;
			knownRegions = (
				en,
				Base,
			);
			mainGroup = 5D5DAD3C1F925E48009A8A1F;
			productRefGroup = 5D5DAD461F925E48009A8A1F /* Products */;
			projectDirPath = "";
			projectRoot = "";
			targets = (
				5D5DAD441F925E48009A8A1F /* Multiwords */,
				5D5DAD581F925E49009A8A1F /* MultiwordsTests */,
				5D5DAD631F925E49009A8A1F /* MultiwordsUITests */,
			);
		};
/* End PBXProject section */

/* Begin PBXResourcesBuildPhase section */
		5D5DAD431F925E48009A8A1F /* Resources */ = {
			isa = PBXResourcesBuildPhase;
			buildActionMask = 2147483647;
			files = (
				5D5DAD7F1F926436009A8A1F /* Profile.storyboard in Resources */,
				5D5DAD781F9263BE009A8A1F /* Cards.storyboard in Resources */,
				5D5DAD531F925E49009A8A1F /* LaunchScreen.storyboard in Resources */,
				5D5DAD821F926451009A8A1F /* Settings.storyboard in Resources */,
				5D5DAD7A1F9263E5009A8A1F /* Dictonary.storyboard in Resources */,
				5D5DAD4E1F925E49009A8A1F /* Main.storyboard in Resources */,
			);
			runOnlyForDeploymentPostprocessing = 0;
		};
		5D5DAD571F925E49009A8A1F /* Resources */ = {
			isa = PBXResourcesBuildPhase;
			buildActionMask = 2147483647;
			files = (
			);
			runOnlyForDeploymentPostprocessing = 0;
		};
		5D5DAD621F925E49009A8A1F /* Resources */ = {
			isa = PBXResourcesBuildPhase;
			buildActionMask = 2147483647;
			files = (
			);
			runOnlyForDeploymentPostprocessing = 0;
		};
/* End PBXResourcesBuildPhase section */

/* Begin PBXShellScriptBuildPhase section */
		5414A74B3E53857201251ACC /* [CP] Check Pods Manifest.lock */ = {
			isa = PBXShellScriptBuildPhase;
			buildActionMask = 2147483647;
			files = (
			);
			inputPaths = (
				"${PODS_PODFILE_DIR_PATH}/Podfile.lock",
				"${PODS_ROOT}/Manifest.lock",
			);
			name = "[CP] Check Pods Manifest.lock";
			outputPaths = (
				"$(DERIVED_FILE_DIR)/Pods-Multiwords-checkManifestLockResult.txt",
			);
			runOnlyForDeploymentPostprocessing = 0;
			shellPath = /bin/sh;
			shellScript = "diff \"${PODS_PODFILE_DIR_PATH}/Podfile.lock\" \"${PODS_ROOT}/Manifest.lock\" > /dev/null\nif [ $? != 0 ] ; then\n    # print error to STDERR\n    echo \"error: The sandbox is not in sync with the Podfile.lock. Run 'pod install' or update your CocoaPods installation.\" >&2\n    exit 1\nfi\n# This output is used by Xcode 'outputs' to avoid re-running this script phase.\necho \"SUCCESS\" > \"${SCRIPT_OUTPUT_FILE_0}\"\n";
			showEnvVarsInLog = 0;
		};
		B85A018B6DCA6E894CAAC459 /* [CP] Embed Pods Frameworks */ = {
			isa = PBXShellScriptBuildPhase;
			buildActionMask = 2147483647;
			files = (
			);
			inputPaths = (
				"${SRCROOT}/Pods/Target Support Files/Pods-Multiwords/Pods-Multiwords-frameworks.sh",
				"${BUILT_PRODUCTS_DIR}/Alamofire/Alamofire.framework",
			);
			name = "[CP] Embed Pods Frameworks";
			outputPaths = (
				"${TARGET_BUILD_DIR}/${FRAMEWORKS_FOLDER_PATH}/Alamofire.framework",
			);
			runOnlyForDeploymentPostprocessing = 0;
			shellPath = /bin/sh;
			shellScript = "\"${SRCROOT}/Pods/Target Support Files/Pods-Multiwords/Pods-Multiwords-frameworks.sh\"\n";
			showEnvVarsInLog = 0;
		};
		DE30247D3D0332E06C8E4D8C /* [CP] Copy Pods Resources */ = {
			isa = PBXShellScriptBuildPhase;
			buildActionMask = 2147483647;
			files = (
			);
			inputPaths = (
			);
			name = "[CP] Copy Pods Resources";
			outputPaths = (
			);
			runOnlyForDeploymentPostprocessing = 0;
			shellPath = /bin/sh;
			shellScript = "\"${SRCROOT}/Pods/Target Support Files/Pods-Multiwords/Pods-Multiwords-resources.sh\"\n";
			showEnvVarsInLog = 0;
		};
/* End PBXShellScriptBuildPhase section */

/* Begin PBXSourcesBuildPhase section */
		5D5DAD411F925E48009A8A1F /* Sources */ = {
			isa = PBXSourcesBuildPhase;
			buildActionMask = 2147483647;
			files = (
				5DE513BB1F9E2996008AD299 /* WordsTableViewCell.swift in Sources */,
				5DE513B91F9E2926008AD299 /* DictonaryTableViewController.swift in Sources */,
				5DE513C51F9E2EEA008AD299 /* DetailWordTableViewController.swift in Sources */,
				5DE513C71F9E2F7B008AD299 /* DetailWordTableViewCell.swift in Sources */,
				5DBEAA331F94F19F001A943C /* TabBarViewController.swift in Sources */,
				5D5DAD491F925E49009A8A1F /* AppDelegate.swift in Sources */,
				5DE513C11F9E2C00008AD299 /* Words.swift in Sources */,
			);
			runOnlyForDeploymentPostprocessing = 0;
		};
		5D5DAD551F925E49009A8A1F /* Sources */ = {
			isa = PBXSourcesBuildPhase;
			buildActionMask = 2147483647;
			files = (
				5D5DAD5E1F925E49009A8A1F /* MultiwordsTests.swift in Sources */,
			);
			runOnlyForDeploymentPostprocessing = 0;
		};
		5D5DAD601F925E49009A8A1F /* Sources */ = {
			isa = PBXSourcesBuildPhase;
			buildActionMask = 2147483647;
			files = (
				5D5DAD691F925E49009A8A1F /* MultiwordsUITests.swift in Sources */,
			);
			runOnlyForDeploymentPostprocessing = 0;
		};
/* End PBXSourcesBuildPhase section */

/* Begin PBXTargetDependency section */
		5D5DAD5B1F925E49009A8A1F /* PBXTargetDependency */ = {
			isa = PBXTargetDependency;
			target = 5D5DAD441F925E48009A8A1F /* Multiwords */;
			targetProxy = 5D5DAD5A1F925E49009A8A1F /* PBXContainerItemProxy */;
		};
		5D5DAD661F925E49009A8A1F /* PBXTargetDependency */ = {
			isa = PBXTargetDependency;
			target = 5D5DAD441F925E48009A8A1F /* Multiwords */;
			targetProxy = 5D5DAD651F925E49009A8A1F /* PBXContainerItemProxy */;
		};
/* End PBXTargetDependency section */

/* Begin PBXVariantGroup section */
		5D5DAD4C1F925E49009A8A1F /* Main.storyboard */ = {
			isa = PBXVariantGroup;
			children = (
				5D5DAD4D1F925E49009A8A1F /* Base */,
			);
			name = Main.storyboard;
			sourceTree = "<group>";
		};
		5D5DAD511F925E49009A8A1F /* LaunchScreen.storyboard */ = {
			isa = PBXVariantGroup;
			children = (
				5D5DAD521F925E49009A8A1F /* Base */,
			);
			name = LaunchScreen.storyboard;
			sourceTree = "<group>";
		};
		5D5DAD761F9263BE009A8A1F /* Cards.storyboard */ = {
			isa = PBXVariantGroup;
			children = (
				5D5DAD771F9263BE009A8A1F /* Base */,
			);
			name = Cards.storyboard;
			sourceTree = "<group>";
		};
		5D5DAD801F926451009A8A1F /* Settings.storyboard */ = {
			isa = PBXVariantGroup;
			children = (
				5D5DAD811F926451009A8A1F /* Base */,
			);
			name = Settings.storyboard;
			sourceTree = "<group>";
		};
/* End PBXVariantGroup section */

/* Begin XCBuildConfiguration section */
		5D5DAD6B1F925E49009A8A1F /* Debug */ = {
			isa = XCBuildConfiguration;
			buildSettings = {
				ALWAYS_SEARCH_USER_PATHS = NO;
				CLANG_ANALYZER_NONNULL = YES;
				CLANG_ANALYZER_NUMBER_OBJECT_CONVERSION = YES_AGGRESSIVE;
				CLANG_CXX_LANGUAGE_STANDARD = "gnu++14";
				CLANG_CXX_LIBRARY = "libc++";
				CLANG_ENABLE_MODULES = YES;
				CLANG_ENABLE_OBJC_ARC = YES;
				CLANG_WARN_BLOCK_CAPTURE_AUTORELEASING = YES;
				CLANG_WARN_BOOL_CONVERSION = YES;
				CLANG_WARN_COMMA = YES;
				CLANG_WARN_CONSTANT_CONVERSION = YES;
				CLANG_WARN_DIRECT_OBJC_ISA_USAGE = YES_ERROR;
				CLANG_WARN_DOCUMENTATION_COMMENTS = YES;
				CLANG_WARN_EMPTY_BODY = YES;
				CLANG_WARN_ENUM_CONVERSION = YES;
				CLANG_WARN_INFINITE_RECURSION = YES;
				CLANG_WARN_INT_CONVERSION = YES;
				CLANG_WARN_NON_LITERAL_NULL_CONVERSION = YES;
				CLANG_WARN_OBJC_LITERAL_CONVERSION = YES;
				CLANG_WARN_OBJC_ROOT_CLASS = YES_ERROR;
				CLANG_WARN_RANGE_LOOP_ANALYSIS = YES;
				CLANG_WARN_STRICT_PROTOTYPES = YES;
				CLANG_WARN_SUSPICIOUS_MOVE = YES;
				CLANG_WARN_UNGUARDED_AVAILABILITY = YES_AGGRESSIVE;
				CLANG_WARN_UNREACHABLE_CODE = YES;
				CLANG_WARN__DUPLICATE_METHOD_MATCH = YES;
				CODE_SIGN_IDENTITY = "iPhone Developer";
				COPY_PHASE_STRIP = NO;
				DEBUG_INFORMATION_FORMAT = dwarf;
				ENABLE_STRICT_OBJC_MSGSEND = YES;
				ENABLE_TESTABILITY = YES;
				GCC_C_LANGUAGE_STANDARD = gnu11;
				GCC_DYNAMIC_NO_PIC = NO;
				GCC_NO_COMMON_BLOCKS = YES;
				GCC_OPTIMIZATION_LEVEL = 0;
				GCC_PREPROCESSOR_DEFINITIONS = (
					"DEBUG=1",
					"$(inherited)",
				);
				GCC_WARN_64_TO_32_BIT_CONVERSION = YES;
				GCC_WARN_ABOUT_RETURN_TYPE = YES_ERROR;
				GCC_WARN_UNDECLARED_SELECTOR = YES;
				GCC_WARN_UNINITIALIZED_AUTOS = YES_AGGRESSIVE;
				GCC_WARN_UNUSED_FUNCTION = YES;
				GCC_WARN_UNUSED_VARIABLE = YES;
				IPHONEOS_DEPLOYMENT_TARGET = 11.0;
				MTL_ENABLE_DEBUG_INFO = YES;
				ONLY_ACTIVE_ARCH = YES;
				SDKROOT = iphoneos;
				SWIFT_ACTIVE_COMPILATION_CONDITIONS = DEBUG;
				SWIFT_OPTIMIZATION_LEVEL = "-Onone";
			};
			name = Debug;
		};
		5D5DAD6C1F925E49009A8A1F /* Release */ = {
			isa = XCBuildConfiguration;
			buildSettings = {
				ALWAYS_SEARCH_USER_PATHS = NO;
				CLANG_ANALYZER_NONNULL = YES;
				CLANG_ANALYZER_NUMBER_OBJECT_CONVERSION = YES_AGGRESSIVE;
				CLANG_CXX_LANGUAGE_STANDARD = "gnu++14";
				CLANG_CXX_LIBRARY = "libc++";
				CLANG_ENABLE_MODULES = YES;
				CLANG_ENABLE_OBJC_ARC = YES;
				CLANG_WARN_BLOCK_CAPTURE_AUTORELEASING = YES;
				CLANG_WARN_BOOL_CONVERSION = YES;
				CLANG_WARN_COMMA = YES;
				CLANG_WARN_CONSTANT_CONVERSION = YES;
				CLANG_WARN_DIRECT_OBJC_ISA_USAGE = YES_ERROR;
				CLANG_WARN_DOCUMENTATION_COMMENTS = YES;
				CLANG_WARN_EMPTY_BODY = YES;
				CLANG_WARN_ENUM_CONVERSION = YES;
				CLANG_WARN_INFINITE_RECURSION = YES;
				CLANG_WARN_INT_CONVERSION = YES;
				CLANG_WARN_NON_LITERAL_NULL_CONVERSION = YES;
				CLANG_WARN_OBJC_LITERAL_CONVERSION = YES;
				CLANG_WARN_OBJC_ROOT_CLASS = YES_ERROR;
				CLANG_WARN_RANGE_LOOP_ANALYSIS = YES;
				CLANG_WARN_STRICT_PROTOTYPES = YES;
				CLANG_WARN_SUSPICIOUS_MOVE = YES;
				CLANG_WARN_UNGUARDED_AVAILABILITY = YES_AGGRESSIVE;
				CLANG_WARN_UNREACHABLE_CODE = YES;
				CLANG_WARN__DUPLICATE_METHOD_MATCH = YES;
				CODE_SIGN_IDENTITY = "iPhone Developer";
				COPY_PHASE_STRIP = NO;
				DEBUG_INFORMATION_FORMAT = "dwarf-with-dsym";
				ENABLE_NS_ASSERTIONS = NO;
				ENABLE_STRICT_OBJC_MSGSEND = YES;
				GCC_C_LANGUAGE_STANDARD = gnu11;
				GCC_NO_COMMON_BLOCKS = YES;
				GCC_WARN_64_TO_32_BIT_CONVERSION = YES;
				GCC_WARN_ABOUT_RETURN_TYPE = YES_ERROR;
				GCC_WARN_UNDECLARED_SELECTOR = YES;
				GCC_WARN_UNINITIALIZED_AUTOS = YES_AGGRESSIVE;
				GCC_WARN_UNUSED_FUNCTION = YES;
				GCC_WARN_UNUSED_VARIABLE = YES;
				IPHONEOS_DEPLOYMENT_TARGET = 11.0;
				MTL_ENABLE_DEBUG_INFO = NO;
				SDKROOT = iphoneos;
				SWIFT_OPTIMIZATION_LEVEL = "-Owholemodule";
				VALIDATE_PRODUCT = YES;
			};
			name = Release;
		};
		5D5DAD6E1F925E49009A8A1F /* Debug */ = {
			isa = XCBuildConfiguration;
			baseConfigurationReference = 14198BF57E44D7E3445922AE /* Pods-Multiwords.debug.xcconfig */;
			buildSettings = {
				ASSETCATALOG_COMPILER_APPICON_NAME = AppIcon;
				CODE_SIGN_STYLE = Automatic;
				INFOPLIST_FILE = Multiwords/Info.plist;
				LD_RUNPATH_SEARCH_PATHS = "$(inherited) @executable_path/Frameworks";
				PRODUCT_BUNDLE_IDENTIFIER = com.appcoda.Multiwords;
				PRODUCT_NAME = "$(TARGET_NAME)";
				SWIFT_VERSION = 4.0;
				TARGETED_DEVICE_FAMILY = "1,2";
			};
			name = Debug;
		};
		5D5DAD6F1F925E49009A8A1F /* Release */ = {
			isa = XCBuildConfiguration;
			baseConfigurationReference = 54468944BD574F207B7353B0 /* Pods-Multiwords.release.xcconfig */;
			buildSettings = {
				ASSETCATALOG_COMPILER_APPICON_NAME = AppIcon;
				CODE_SIGN_STYLE = Automatic;
				INFOPLIST_FILE = Multiwords/Info.plist;
				LD_RUNPATH_SEARCH_PATHS = "$(inherited) @executable_path/Frameworks";
				PRODUCT_BUNDLE_IDENTIFIER = com.appcoda.Multiwords;
				PRODUCT_NAME = "$(TARGET_NAME)";
				SWIFT_VERSION = 4.0;
				TARGETED_DEVICE_FAMILY = "1,2";
			};
			name = Release;
		};
		5D5DAD711F925E49009A8A1F /* Debug */ = {
			isa = XCBuildConfiguration;
			buildSettings = {
				ALWAYS_EMBED_SWIFT_STANDARD_LIBRARIES = YES;
				BUNDLE_LOADER = "$(TEST_HOST)";
				CODE_SIGN_STYLE = Automatic;
				INFOPLIST_FILE = MultiwordsTests/Info.plist;
				LD_RUNPATH_SEARCH_PATHS = "$(inherited) @executable_path/Frameworks @loader_path/Frameworks";
				PRODUCT_BUNDLE_IDENTIFIER = com.appcoda.MultiwordsTests;
				PRODUCT_NAME = "$(TARGET_NAME)";
				SWIFT_VERSION = 4.0;
				TARGETED_DEVICE_FAMILY = "1,2";
				TEST_HOST = "$(BUILT_PRODUCTS_DIR)/Multiwords.app/Multiwords";
			};
			name = Debug;
		};
		5D5DAD721F925E49009A8A1F /* Release */ = {
			isa = XCBuildConfiguration;
			buildSettings = {
				ALWAYS_EMBED_SWIFT_STANDARD_LIBRARIES = YES;
				BUNDLE_LOADER = "$(TEST_HOST)";
				CODE_SIGN_STYLE = Automatic;
				INFOPLIST_FILE = MultiwordsTests/Info.plist;
				LD_RUNPATH_SEARCH_PATHS = "$(inherited) @executable_path/Frameworks @loader_path/Frameworks";
				PRODUCT_BUNDLE_IDENTIFIER = com.appcoda.MultiwordsTests;
				PRODUCT_NAME = "$(TARGET_NAME)";
				SWIFT_VERSION = 4.0;
				TARGETED_DEVICE_FAMILY = "1,2";
				TEST_HOST = "$(BUILT_PRODUCTS_DIR)/Multiwords.app/Multiwords";
			};
			name = Release;
		};
		5D5DAD741F925E49009A8A1F /* Debug */ = {
			isa = XCBuildConfiguration;
			buildSettings = {
				ALWAYS_EMBED_SWIFT_STANDARD_LIBRARIES = YES;
				CODE_SIGN_STYLE = Automatic;
				INFOPLIST_FILE = MultiwordsUITests/Info.plist;
				LD_RUNPATH_SEARCH_PATHS = "$(inherited) @executable_path/Frameworks @loader_path/Frameworks";
				PRODUCT_BUNDLE_IDENTIFIER = com.appcoda.MultiwordsUITests;
				PRODUCT_NAME = "$(TARGET_NAME)";
				SWIFT_VERSION = 4.0;
				TARGETED_DEVICE_FAMILY = "1,2";
				TEST_TARGET_NAME = Multiwords;
			};
			name = Debug;
		};
		5D5DAD751F925E49009A8A1F /* Release */ = {
			isa = XCBuildConfiguration;
			buildSettings = {
				ALWAYS_EMBED_SWIFT_STANDARD_LIBRARIES = YES;
				CODE_SIGN_STYLE = Automatic;
				INFOPLIST_FILE = MultiwordsUITests/Info.plist;
				LD_RUNPATH_SEARCH_PATHS = "$(inherited) @executable_path/Frameworks @loader_path/Frameworks";
				PRODUCT_BUNDLE_IDENTIFIER = com.appcoda.MultiwordsUITests;
				PRODUCT_NAME = "$(TARGET_NAME)";
				SWIFT_VERSION = 4.0;
				TARGETED_DEVICE_FAMILY = "1,2";
				TEST_TARGET_NAME = Multiwords;
			};
			name = Release;
		};
/* End XCBuildConfiguration section */

/* Begin XCConfigurationList section */
		5D5DAD401F925E48009A8A1F /* Build configuration list for PBXProject "Multiwords" */ = {
			isa = XCConfigurationList;
			buildConfigurations = (
				5D5DAD6B1F925E49009A8A1F /* Debug */,
				5D5DAD6C1F925E49009A8A1F /* Release */,
			);
			defaultConfigurationIsVisible = 0;
			defaultConfigurationName = Release;
		};
		5D5DAD6D1F925E49009A8A1F /* Build configuration list for PBXNativeTarget "Multiwords" */ = {
			isa = XCConfigurationList;
			buildConfigurations = (
				5D5DAD6E1F925E49009A8A1F /* Debug */,
				5D5DAD6F1F925E49009A8A1F /* Release */,
			);
			defaultConfigurationIsVisible = 0;
			defaultConfigurationName = Release;
		};
		5D5DAD701F925E49009A8A1F /* Build configuration list for PBXNativeTarget "MultiwordsTests" */ = {
			isa = XCConfigurationList;
			buildConfigurations = (
				5D5DAD711F925E49009A8A1F /* Debug */,
				5D5DAD721F925E49009A8A1F /* Release */,
			);
			defaultConfigurationIsVisible = 0;
			defaultConfigurationName = Release;
		};
		5D5DAD731F925E49009A8A1F /* Build configuration list for PBXNativeTarget "MultiwordsUITests" */ = {
			isa = XCConfigurationList;
			buildConfigurations = (
				5D5DAD741F925E49009A8A1F /* Debug */,
				5D5DAD751F925E49009A8A1F /* Release */,
			);
			defaultConfigurationIsVisible = 0;
			defaultConfigurationName = Release;
		};
/* End XCConfigurationList section */
	};
	rootObject = 5D5DAD3D1F925E48009A8A1F /* Project object */;
}
